// !$*UTF8*$!
{
	archiveVersion = 1;
	classes = {
	};
	objectVersion = 55;
	objects = {

/* Begin PBXBuildFile section */
		AA9F4D9C278CD4510021FDDC /* AppDelegate.swift in Sources */ = {isa = PBXBuildFile; fileRef = AA9F4D9B278CD4510021FDDC /* AppDelegate.swift */; };
		AA9F4D9E278CD4510021FDDC /* SceneDelegate.swift in Sources */ = {isa = PBXBuildFile; fileRef = AA9F4D9D278CD4510021FDDC /* SceneDelegate.swift */; };
		AA9F4DA0278CD4510021FDDC /* ViewController.swift in Sources */ = {isa = PBXBuildFile; fileRef = AA9F4D9F278CD4510021FDDC /* ViewController.swift */; };
		AA9F4DA3278CD4510021FDDC /* Main.storyboard in Resources */ = {isa = PBXBuildFile; fileRef = AA9F4DA1278CD4510021FDDC /* Main.storyboard */; };
		AA9F4DA5278CD4530021FDDC /* Assets.xcassets in Resources */ = {isa = PBXBuildFile; fileRef = AA9F4DA4278CD4530021FDDC /* Assets.xcassets */; };
		AA9F4DA8278CD4530021FDDC /* LaunchScreen.storyboard in Resources */ = {isa = PBXBuildFile; fileRef = AA9F4DA6278CD4530021FDDC /* LaunchScreen.storyboard */; };
		AA9F4DB3278CD4530021FDDC /* iosPreworkTests.swift in Sources */ = {isa = PBXBuildFile; fileRef = AA9F4DB2278CD4530021FDDC /* iosPreworkTests.swift */; };
		AA9F4DBD278CD4530021FDDC /* iosPreworkUITests.swift in Sources */ = {isa = PBXBuildFile; fileRef = AA9F4DBC278CD4530021FDDC /* iosPreworkUITests.swift */; };
		AA9F4DBF278CD4530021FDDC /* iosPreworkUITestsLaunchTests.swift in Sources */ = {isa = PBXBuildFile; fileRef = AA9F4DBE278CD4530021FDDC /* iosPreworkUITestsLaunchTests.swift */; };
		AA9F4DCC278D3BA30021FDDC /* SettingsViewContainerViewController.swift in Sources */ = {isa = PBXBuildFile; fileRef = AA9F4DCB278D3BA30021FDDC /* SettingsViewContainerViewController.swift */; };
/* End PBXBuildFile section */

/* Begin PBXContainerItemProxy section */
		AA9F4DAF278CD4530021FDDC /* PBXContainerItemProxy */ = {
			isa = PBXContainerItemProxy;
			containerPortal = AA9F4D90278CD4500021FDDC /* Project object */;
			proxyType = 1;
			remoteGlobalIDString = AA9F4D97278CD4510021FDDC;
			remoteInfo = iosPrework;
		};
		AA9F4DB9278CD4530021FDDC /* PBXContainerItemProxy */ = {
			isa = PBXContainerItemProxy;
			containerPortal = AA9F4D90278CD4500021FDDC /* Project object */;
			proxyType = 1;
			remoteGlobalIDString = AA9F4D97278CD4510021FDDC;
			remoteInfo = iosPrework;
		};
/* End PBXContainerItemProxy section */

/* Begin PBXFileReference section */
		AA9F4D98278CD4510021FDDC /* iosPrework.app */ = {isa = PBXFileReference; explicitFileType = wrapper.application; includeInIndex = 0; path = iosPrework.app; sourceTree = BUILT_PRODUCTS_DIR; };
		AA9F4D9B278CD4510021FDDC /* AppDelegate.swift */ = {isa = PBXFileReference; lastKnownFileType = sourcecode.swift; path = AppDelegate.swift; sourceTree = "<group>"; };
		AA9F4D9D278CD4510021FDDC /* SceneDelegate.swift */ = {isa = PBXFileReference; lastKnownFileType = sourcecode.swift; path = SceneDelegate.swift; sourceTree = "<group>"; };
		AA9F4D9F278CD4510021FDDC /* ViewController.swift */ = {isa = PBXFileReference; lastKnownFileType = sourcecode.swift; path = ViewController.swift; sourceTree = "<group>"; };
		AA9F4DA2278CD4510021FDDC /* Base */ = {isa = PBXFileReference; lastKnownFileType = file.storyboard; name = Base; path = Base.lproj/Main.storyboard; sourceTree = "<group>"; };
		AA9F4DA4278CD4530021FDDC /* Assets.xcassets */ = {isa = PBXFileReference; lastKnownFileType = folder.assetcatalog; path = Assets.xcassets; sourceTree = "<group>"; };
		AA9F4DA7278CD4530021FDDC /* Base */ = {isa = PBXFileReference; lastKnownFileType = file.storyboard; name = Base; path = Base.lproj/LaunchScreen.storyboard; sourceTree = "<group>"; };
		AA9F4DA9278CD4530021FDDC /* Info.plist */ = {isa = PBXFileReference; lastKnownFileType = text.plist.xml; path = Info.plist; sourceTree = "<group>"; };
		AA9F4DAE278CD4530021FDDC /* iosPreworkTests.xctest */ = {isa = PBXFileReference; explicitFileType = wrapper.cfbundle; includeInIndex = 0; path = iosPreworkTests.xctest; sourceTree = BUILT_PRODUCTS_DIR; };
		AA9F4DB2278CD4530021FDDC /* iosPreworkTests.swift */ = {isa = PBXFileReference; lastKnownFileType = sourcecode.swift; path = iosPreworkTests.swift; sourceTree = "<group>"; };
		AA9F4DB8278CD4530021FDDC /* iosPreworkUITests.xctest */ = {isa = PBXFileReference; explicitFileType = wrapper.cfbundle; includeInIndex = 0; path = iosPreworkUITests.xctest; sourceTree = BUILT_PRODUCTS_DIR; };
		AA9F4DBC278CD4530021FDDC /* iosPreworkUITests.swift */ = {isa = PBXFileReference; lastKnownFileType = sourcecode.swift; path = iosPreworkUITests.swift; sourceTree = "<group>"; };
		AA9F4DBE278CD4530021FDDC /* iosPreworkUITestsLaunchTests.swift */ = {isa = PBXFileReference; lastKnownFileType = sourcecode.swift; path = iosPreworkUITestsLaunchTests.swift; sourceTree = "<group>"; };
		AA9F4DCB278D3BA30021FDDC /* SettingsViewContainerViewController.swift */ = {isa = PBXFileReference; lastKnownFileType = sourcecode.swift; path = SettingsViewContainerViewController.swift; sourceTree = "<group>"; };
/* End PBXFileReference section */

/* Begin PBXFrameworksBuildPhase section */
		AA9F4D95278CD4510021FDDC /* Frameworks */ = {
			isa = PBXFrameworksBuildPhase;
			buildActionMask = 2147483647;
			files = (
			);
			runOnlyForDeploymentPostprocessing = 0;
		};
		AA9F4DAB278CD4530021FDDC /* Frameworks */ = {
			isa = PBXFrameworksBuildPhase;
			buildActionMask = 2147483647;
			files = (
			);
			runOnlyForDeploymentPostprocessing = 0;
		};
		AA9F4DB5278CD4530021FDDC /* Frameworks */ = {
			isa = PBXFrameworksBuildPhase;
			buildActionMask = 2147483647;
			files = (
			);
			runOnlyForDeploymentPostprocessing = 0;
		};
/* End PBXFrameworksBuildPhase section */

/* Begin PBXGroup section */
		AA9F4D8F278CD4500021FDDC = {
			isa = PBXGroup;
			children = (
				AA9F4DCB278D3BA30021FDDC /* SettingsViewContainerViewController.swift */,
				AA9F4D9A278CD4510021FDDC /* iosPrework */,
				AA9F4DB1278CD4530021FDDC /* iosPreworkTests */,
				AA9F4DBB278CD4530021FDDC /* iosPreworkUITests */,
				AA9F4D99278CD4510021FDDC /* Products */,
			);
			sourceTree = "<group>";
		};
		AA9F4D99278CD4510021FDDC /* Products */ = {
			isa = PBXGroup;
			children = (
				AA9F4D98278CD4510021FDDC /* iosPrework.app */,
				AA9F4DAE278CD4530021FDDC /* iosPreworkTests.xctest */,
				AA9F4DB8278CD4530021FDDC /* iosPreworkUITests.xctest */,
			);
			name = Products;
			sourceTree = "<group>";
		};
		AA9F4D9A278CD4510021FDDC /* iosPrework */ = {
			isa = PBXGroup;
			children = (
				AA9F4D9B278CD4510021FDDC /* AppDelegate.swift */,
				AA9F4D9D278CD4510021FDDC /* SceneDelegate.swift */,
				AA9F4D9F278CD4510021FDDC /* ViewController.swift */,
				AA9F4DA1278CD4510021FDDC /* Main.storyboard */,
				AA9F4DA4278CD4530021FDDC /* Assets.xcassets */,
				AA9F4DA6278CD4530021FDDC /* LaunchScreen.storyboard */,
				AA9F4DA9278CD4530021FDDC /* Info.plist */,
			);
			path = iosPrework;
			sourceTree = "<group>";
		};
		AA9F4DB1278CD4530021FDDC /* iosPreworkTests */ = {
			isa = PBXGroup;
			children = (
				AA9F4DB2278CD4530021FDDC /* iosPreworkTests.swift */,
			);
			path = iosPreworkTests;
			sourceTree = "<group>";
		};
		AA9F4DBB278CD4530021FDDC /* iosPreworkUITests */ = {
			isa = PBXGroup;
			children = (
				AA9F4DBC278CD4530021FDDC /* iosPreworkUITests.swift */,
				AA9F4DBE278CD4530021FDDC /* iosPreworkUITestsLaunchTests.swift */,
			);
			path = iosPreworkUITests;
			sourceTree = "<group>";
		};
/* End PBXGroup section */

/* Begin PBXNativeTarget section */
		AA9F4D97278CD4510021FDDC /* iosPrework */ = {
			isa = PBXNativeTarget;
			buildConfigurationList = AA9F4DC2278CD4530021FDDC /* Build configuration list for PBXNativeTarget "iosPrework" */;
			buildPhases = (
				AA9F4D94278CD4510021FDDC /* Sources */,
				AA9F4D95278CD4510021FDDC /* Frameworks */,
				AA9F4D96278CD4510021FDDC /* Resources */,
			);
			buildRules = (
			);
			dependencies = (
			);
			name = iosPrework;
			productName = iosPrework;
			productReference = AA9F4D98278CD4510021FDDC /* iosPrework.app */;
			productType = "com.apple.product-type.application";
		};
		AA9F4DAD278CD4530021FDDC /* iosPreworkTests */ = {
			isa = PBXNativeTarget;
			buildConfigurationList = AA9F4DC5278CD4530021FDDC /* Build configuration list for PBXNativeTarget "iosPreworkTests" */;
			buildPhases = (
				AA9F4DAA278CD4530021FDDC /* Sources */,
				AA9F4DAB278CD4530021FDDC /* Frameworks */,
				AA9F4DAC278CD4530021FDDC /* Resources */,
			);
			buildRules = (
			);
			dependencies = (
				AA9F4DB0278CD4530021FDDC /* PBXTargetDependency */,
			);
			name = iosPreworkTests;
			productName = iosPreworkTests;
			productReference = AA9F4DAE278CD4530021FDDC /* iosPreworkTests.xctest */;
			productType = "com.apple.product-type.bundle.unit-test";
		};
		AA9F4DB7278CD4530021FDDC /* iosPreworkUITests */ = {
			isa = PBXNativeTarget;
			buildConfigurationList = AA9F4DC8278CD4530021FDDC /* Build configuration list for PBXNativeTarget "iosPreworkUITests" */;
			buildPhases = (
				AA9F4DB4278CD4530021FDDC /* Sources */,
				AA9F4DB5278CD4530021FDDC /* Frameworks */,
				AA9F4DB6278CD4530021FDDC /* Resources */,
			);
			buildRules = (
			);
			dependencies = (
				AA9F4DBA278CD4530021FDDC /* PBXTargetDependency */,
			);
			name = iosPreworkUITests;
			productName = iosPreworkUITests;
			productReference = AA9F4DB8278CD4530021FDDC /* iosPreworkUITests.xctest */;
			productType = "com.apple.product-type.bundle.ui-testing";
		};
/* End PBXNativeTarget section */

/* Begin PBXProject section */
		AA9F4D90278CD4500021FDDC /* Project object */ = {
			isa = PBXProject;
			attributes = {
				BuildIndependentTargetsInParallel = 1;
				LastSwiftUpdateCheck = 1320;
				LastUpgradeCheck = 1320;
				TargetAttributes = {
					AA9F4D97278CD4510021FDDC = {
						CreatedOnToolsVersion = 13.2.1;
					};
					AA9F4DAD278CD4530021FDDC = {
						CreatedOnToolsVersion = 13.2.1;
						TestTargetID = AA9F4D97278CD4510021FDDC;
					};
					AA9F4DB7278CD4530021FDDC = {
						CreatedOnToolsVersion = 13.2.1;
						TestTargetID = AA9F4D97278CD4510021FDDC;
					};
				};
			};
			buildConfigurationList = AA9F4D93278CD4500021FDDC /* Build configuration list for PBXProject "iosPrework" */;
			compatibilityVersion = "Xcode 13.0";
			developmentRegion = en;
			hasScannedForEncodings = 0;
			knownRegions = (
				en,
				Base,
			);
			mainGroup = AA9F4D8F278CD4500021FDDC;
			productRefGroup = AA9F4D99278CD4510021FDDC /* Products */;
			projectDirPath = "";
			projectRoot = "";
			targets = (
				AA9F4D97278CD4510021FDDC /* iosPrework */,
				AA9F4DAD278CD4530021FDDC /* iosPreworkTests */,
				AA9F4DB7278CD4530021FDDC /* iosPreworkUITests */,
			);
		};
/* End PBXProject section */

/* Begin PBXResourcesBuildPhase section */
		AA9F4D96278CD4510021FDDC /* Resources */ = {
			isa = PBXResourcesBuildPhase;
			buildActionMask = 2147483647;
			files = (
				AA9F4DA8278CD4530021FDDC /* LaunchScreen.storyboard in Resources */,
				AA9F4DA5278CD4530021FDDC /* Assets.xcassets in Resources */,
				AA9F4DA3278CD4510021FDDC /* Main.storyboard in Resources */,
			);
			runOnlyForDeploymentPostprocessing = 0;
		};
		AA9F4DAC278CD4530021FDDC /* Resources */ = {
			isa = PBXResourcesBuildPhase;
			buildActionMask = 2147483647;
			files = (
			);
			runOnlyForDeploymentPostprocessing = 0;
		};
		AA9F4DB6278CD4530021FDDC /* Resources */ = {
			isa = PBXResourcesBuildPhase;
			buildActionMask = 2147483647;
			files = (
			);
			runOnlyForDeploymentPostprocessing = 0;
		};
/* End PBXResourcesBuildPhase section */

/* Begin PBXSourcesBuildPhase section */
		AA9F4D94278CD4510021FDDC /* Sources */ = {
			isa = PBXSourcesBuildPhase;
			buildActionMask = 2147483647;
			files = (
				AA9F4DA0278CD4510021FDDC /* ViewController.swift in Sources */,
				AA9F4D9C278CD4510021FDDC /* AppDelegate.swift in Sources */,
				AA9F4DCC278D3BA30021FDDC /* SettingsViewContainerViewController.swift in Sources */,
				AA9F4D9E278CD4510021FDDC /* SceneDelegate.swift in Sources */,
			);
			runOnlyForDeploymentPostprocessing = 0;
		};
		AA9F4DAA278CD4530021FDDC /* Sources */ = {
			isa = PBXSourcesBuildPhase;
			buildActionMask = 2147483647;
			files = (
				AA9F4DB3278CD4530021FDDC /* iosPreworkTests.swift in Sources */,
			);
			runOnlyForDeploymentPostprocessing = 0;
		};
		AA9F4DB4278CD4530021FDDC /* Sources */ = {
			isa = PBXSourcesBuildPhase;
			buildActionMask = 2147483647;
			files = (
				AA9F4DBD278CD4530021FDDC /* iosPreworkUITests.swift in Sources */,
				AA9F4DBF278CD4530021FDDC /* iosPreworkUITestsLaunchTests.swift in Sources */,
			);
			runOnlyForDeploymentPostprocessing = 0;
		};
/* End PBXSourcesBuildPhase section */

/* Begin PBXTargetDependency section */
		AA9F4DB0278CD4530021FDDC /* PBXTargetDependency */ = {
			isa = PBXTargetDependency;
			target = AA9F4D97278CD4510021FDDC /* iosPrework */;
			targetProxy = AA9F4DAF278CD4530021FDDC /* PBXContainerItemProxy */;
		};
		AA9F4DBA278CD4530021FDDC /* PBXTargetDependency */ = {
			isa = PBXTargetDependency;
			target = AA9F4D97278CD4510021FDDC /* iosPrework */;
			targetProxy = AA9F4DB9278CD4530021FDDC /* PBXContainerItemProxy */;
		};
/* End PBXTargetDependency section */

/* Begin PBXVariantGroup section */
		AA9F4DA1278CD4510021FDDC /* Main.storyboard */ = {
			isa = PBXVariantGroup;
			children = (
				AA9F4DA2278CD4510021FDDC /* Base */,
			);
			name = Main.storyboard;
			sourceTree = "<group>";
		};
		AA9F4DA6278CD4530021FDDC /* LaunchScreen.storyboard */ = {
			isa = PBXVariantGroup;
			children = (
				AA9F4DA7278CD4530021FDDC /* Base */,
			);
			name = LaunchScreen.storyboard;
			sourceTree = "<group>";
		};
/* End PBXVariantGroup section */

/* Begin XCBuildConfiguration section */
		AA9F4DC0278CD4530021FDDC /* Debug */ = {
			isa = XCBuildConfiguration;
			buildSettings = {
				ALWAYS_SEARCH_USER_PATHS = NO;
				CLANG_ANALYZER_NONNULL = YES;
				CLANG_ANALYZER_NUMBER_OBJECT_CONVERSION = YES_AGGRESSIVE;
				CLANG_CXX_LANGUAGE_STANDARD = "gnu++17";
				CLANG_CXX_LIBRARY = "libc++";
				CLANG_ENABLE_MODULES = YES;
				CLANG_ENABLE_OBJC_ARC = YES;
				CLANG_ENABLE_OBJC_WEAK = YES;
				CLANG_WARN_BLOCK_CAPTURE_AUTORELEASING = YES;
				CLANG_WARN_BOOL_CONVERSION = YES;
				CLANG_WARN_COMMA = YES;
				CLANG_WARN_CONSTANT_CONVERSION = YES;
				CLANG_WARN_DEPRECATED_OBJC_IMPLEMENTATIONS = YES;
				CLANG_WARN_DIRECT_OBJC_ISA_USAGE = YES_ERROR;
				CLANG_WARN_DOCUMENTATION_COMMENTS = YES;
				CLANG_WARN_EMPTY_BODY = YES;
				CLANG_WARN_ENUM_CONVERSION = YES;
				CLANG_WARN_INFINITE_RECURSION = YES;
				CLANG_WARN_INT_CONVERSION = YES;
				CLANG_WARN_NON_LITERAL_NULL_CONVERSION = YES;
				CLANG_WARN_OBJC_IMPLICIT_RETAIN_SELF = YES;
				CLANG_WARN_OBJC_LITERAL_CONVERSION = YES;
				CLANG_WARN_OBJC_ROOT_CLASS = YES_ERROR;
				CLANG_WARN_QUOTED_INCLUDE_IN_FRAMEWORK_HEADER = YES;
				CLANG_WARN_RANGE_LOOP_ANALYSIS = YES;
				CLANG_WARN_STRICT_PROTOTYPES = YES;
				CLANG_WARN_SUSPICIOUS_MOVE = YES;
				CLANG_WARN_UNGUARDED_AVAILABILITY = YES_AGGRESSIVE;
				CLANG_WARN_UNREACHABLE_CODE = YES;
				CLANG_WARN__DUPLICATE_METHOD_MATCH = YES;
				COPY_PHASE_STRIP = NO;
				DEBUG_INFORMATION_FORMAT = dwarf;
				ENABLE_STRICT_OBJC_MSGSEND = YES;
				ENABLE_TESTABILITY = YES;
				GCC_C_LANGUAGE_STANDARD = gnu11;
				GCC_DYNAMIC_NO_PIC = NO;
				GCC_NO_COMMON_BLOCKS = YES;
				GCC_OPTIMIZATION_LEVEL = 0;
				GCC_PREPROCESSOR_DEFINITIONS = (
					"DEBUG=1",
					"$(inherited)",
				);
				GCC_WARN_64_TO_32_BIT_CONVERSION = YES;
				GCC_WARN_ABOUT_RETURN_TYPE = YES_ERROR;
				GCC_WARN_UNDECLARED_SELECTOR = YES;
				GCC_WARN_UNINITIALIZED_AUTOS = YES_AGGRESSIVE;
				GCC_WARN_UNUSED_FUNCTION = YES;
				GCC_WARN_UNUSED_VARIABLE = YES;
				IPHONEOS_DEPLOYMENT_TARGET = 15.2;
				MTL_ENABLE_DEBUG_INFO = INCLUDE_SOURCE;
				MTL_FAST_MATH = YES;
				ONLY_ACTIVE_ARCH = YES;
				SDKROOT = iphoneos;
				SWIFT_ACTIVE_COMPILATION_CONDITIONS = DEBUG;
				SWIFT_OPTIMIZATION_LEVEL = "-Onone";
			};
			name = Debug;
		};
		AA9F4DC1278CD4530021FDDC /* Release */ = {
			isa = XCBuildConfiguration;
			buildSettings = {
				ALWAYS_SEARCH_USER_PATHS = NO;
				CLANG_ANALYZER_NONNULL = YES;
				CLANG_ANALYZER_NUMBER_OBJECT_CONVERSION = YES_AGGRESSIVE;
				CLANG_CXX_LANGUAGE_STANDARD = "gnu++17";
				CLANG_CXX_LIBRARY = "libc++";
				CLANG_ENABLE_MODULES = YES;
				CLANG_ENABLE_OBJC_ARC = YES;
				CLANG_ENABLE_OBJC_WEAK = YES;
				CLANG_WARN_BLOCK_CAPTURE_AUTORELEASING = YES;
				CLANG_WARN_BOOL_CONVERSION = YES;
				CLANG_WARN_COMMA = YES;
				CLANG_WARN_CONSTANT_CONVERSION = YES;
				CLANG_WARN_DEPRECATED_OBJC_IMPLEMENTATIONS = YES;
				CLANG_WARN_DIRECT_OBJC_ISA_USAGE = YES_ERROR;
				CLANG_WARN_DOCUMENTATION_COMMENTS = YES;
				CLANG_WARN_EMPTY_BODY = YES;
				CLANG_WARN_ENUM_CONVERSION = YES;
				CLANG_WARN_INFINITE_RECURSION = YES;
				CLANG_WARN_INT_CONVERSION = YES;
				CLANG_WARN_NON_LITERAL_NULL_CONVERSION = YES;
				CLANG_WARN_OBJC_IMPLICIT_RETAIN_SELF = YES;
				CLANG_WARN_OBJC_LITERAL_CONVERSION = YES;
				CLANG_WARN_OBJC_ROOT_CLASS = YES_ERROR;
				CLANG_WARN_QUOTED_INCLUDE_IN_FRAMEWORK_HEADER = YES;
				CLANG_WARN_RANGE_LOOP_ANALYSIS = YES;
				CLANG_WARN_STRICT_PROTOTYPES = YES;
				CLANG_WARN_SUSPICIOUS_MOVE = YES;
				CLANG_WARN_UNGUARDED_AVAILABILITY = YES_AGGRESSIVE;
				CLANG_WARN_UNREACHABLE_CODE = YES;
				CLANG_WARN__DUPLICATE_METHOD_MATCH = YES;
				COPY_PHASE_STRIP = NO;
				DEBUG_INFORMATION_FORMAT = "dwarf-with-dsym";
				ENABLE_NS_ASSERTIONS = NO;
				ENABLE_STRICT_OBJC_MSGSEND = YES;
				GCC_C_LANGUAGE_STANDARD = gnu11;
				GCC_NO_COMMON_BLOCKS = YES;
				GCC_WARN_64_TO_32_BIT_CONVERSION = YES;
				GCC_WARN_ABOUT_RETURN_TYPE = YES_ERROR;
				GCC_WARN_UNDECLARED_SELECTOR = YES;
				GCC_WARN_UNINITIALIZED_AUTOS = YES_AGGRESSIVE;
				GCC_WARN_UNUSED_FUNCTION = YES;
				GCC_WARN_UNUSED_VARIABLE = YES;
				IPHONEOS_DEPLOYMENT_TARGET = 15.2;
				MTL_ENABLE_DEBUG_INFO = NO;
				MTL_FAST_MATH = YES;
				SDKROOT = iphoneos;
				SWIFT_COMPILATION_MODE = wholemodule;
				SWIFT_OPTIMIZATION_LEVEL = "-O";
				VALIDATE_PRODUCT = YES;
			};
			name = Release;
		};
		AA9F4DC3278CD4530021FDDC /* Debug */ = {
			isa = XCBuildConfiguration;
			buildSettings = {
				ASSETCATALOG_COMPILER_APPICON_NAME = AppIcon;
				ASSETCATALOG_COMPILER_GLOBAL_ACCENT_COLOR_NAME = AccentColor;
				CODE_SIGN_STYLE = Automatic;
				CURRENT_PROJECT_VERSION = 1;
				GENERATE_INFOPLIST_FILE = YES;
				INFOPLIST_FILE = iosPrework/Info.plist;
				INFOPLIST_KEY_UIApplicationSupportsIndirectInputEvents = YES;
				INFOPLIST_KEY_UILaunchStoryboardName = LaunchScreen;
				INFOPLIST_KEY_UIMainStoryboardFile = Main;
				INFOPLIST_KEY_UISupportedInterfaceOrientations_iPad = "UIInterfaceOrientationPortrait UIInterfaceOrientationPortraitUpsideDown UIInterfaceOrientationLandscapeLeft UIInterfaceOrientationLandscapeRight";
				INFOPLIST_KEY_UISupportedInterfaceOrientations_iPhone = "UIInterfaceOrientationPortrait UIInterfaceOrientationLandscapeLeft UIInterfaceOrientationLandscapeRight";
				LD_RUNPATH_SEARCH_PATHS = (
					"$(inherited)",
					"@executable_path/Frameworks",
				);
				MARKETING_VERSION = 1.0;
				PRODUCT_BUNDLE_IDENTIFIER = TatumAllen.iosPrework;
				PRODUCT_NAME = "$(TARGET_NAME)";
				SWIFT_EMIT_LOC_STRINGS = YES;
				SWIFT_VERSION = 5.0;
				TARGETED_DEVICE_FAMILY = "1,2";
			};
			name = Debug;
		};
		AA9F4DC4278CD4530021FDDC /* Release */ = {
			isa = XCBuildConfiguration;
			buildSettings = {
				ASSETCATALOG_COMPILER_APPICON_NAME = AppIcon;
				ASSETCATALOG_COMPILER_GLOBAL_ACCENT_COLOR_NAME = AccentColor;
				CODE_SIGN_STYLE = Automatic;
				CURRENT_PROJECT_VERSION = 1;
				GENERATE_INFOPLIST_FILE = YES;
				INFOPLIST_FILE = iosPrework/Info.plist;
				INFOPLIST_KEY_UIApplicationSupportsIndirectInputEvents = YES;
				INFOPLIST_KEY_UILaunchStoryboardName = LaunchScreen;
				INFOPLIST_KEY_UIMainStoryboardFile = Main;
				INFOPLIST_KEY_UISupportedInterfaceOrientations_iPad = "UIInterfaceOrientationPortrait UIInterfaceOrientationPortraitUpsideDown UIInterfaceOrientationLandscapeLeft UIInterfaceOrientationLandscapeRight";
				INFOPLIST_KEY_UISupportedInterfaceOrientations_iPhone = "UIInterfaceOrientationPortrait UIInterfaceOrientationLandscapeLeft UIInterfaceOrientationLandscapeRight";
				LD_RUNPATH_SEARCH_PATHS = (
					"$(inherited)",
					"@executable_path/Frameworks",
				);
				MARKETING_VERSION = 1.0;
				PRODUCT_BUNDLE_IDENTIFIER = TatumAllen.iosPrework;
				PRODUCT_NAME = "$(TARGET_NAME)";
				SWIFT_EMIT_LOC_STRINGS = YES;
				SWIFT_VERSION = 5.0;
				TARGETED_DEVICE_FAMILY = "1,2";
			};
			name = Release;
		};
		AA9F4DC6278CD4530021FDDC /* Debug */ = {
			isa = XCBuildConfiguration;
			buildSettings = {
				ALWAYS_EMBED_SWIFT_STANDARD_LIBRARIES = YES;
				BUNDLE_LOADER = "$(TEST_HOST)";
				CODE_SIGN_STYLE = Automatic;
				CURRENT_PROJECT_VERSION = 1;
				GENERATE_INFOPLIST_FILE = YES;
				IPHONEOS_DEPLOYMENT_TARGET = 15.2;
				MARKETING_VERSION = 1.0;
				PRODUCT_BUNDLE_IDENTIFIER = TatumAllen.iosPreworkTests;
				PRODUCT_NAME = "$(TARGET_NAME)";
				SWIFT_EMIT_LOC_STRINGS = NO;
				SWIFT_VERSION = 5.0;
				TARGETED_DEVICE_FAMILY = "1,2";
				TEST_HOST = "$(BUILT_PRODUCTS_DIR)/iosPrework.app/iosPrework";
			};
			name = Debug;
		};
		AA9F4DC7278CD4530021FDDC /* Release */ = {
			isa = XCBuildConfiguration;
			buildSettings = {
				ALWAYS_EMBED_SWIFT_STANDARD_LIBRARIES = YES;
				BUNDLE_LOADER = "$(TEST_HOST)";
				CODE_SIGN_STYLE = Automatic;
				CURRENT_PROJECT_VERSION = 1;
				GENERATE_INFOPLIST_FILE = YES;
				IPHONEOS_DEPLOYMENT_TARGET = 15.2;
				MARKETING_VERSION = 1.0;
				PRODUCT_BUNDLE_IDENTIFIER = TatumAllen.iosPreworkTests;
				PRODUCT_NAME = "$(TARGET_NAME)";
				SWIFT_EMIT_LOC_STRINGS = NO;
				SWIFT_VERSION = 5.0;
				TARGETED_DEVICE_FAMILY = "1,2";
				TEST_HOST = "$(BUILT_PRODUCTS_DIR)/iosPrework.app/iosPrework";
			};
			name = Release;
		};
		AA9F4DC9278CD4530021FDDC /* Debug */ = {
			isa = XCBuildConfiguration;
			buildSettings = {
				ALWAYS_EMBED_SWIFT_STANDARD_LIBRARIES = YES;
				CODE_SIGN_STYLE = Automatic;
				CURRENT_PROJECT_VERSION = 1;
				GENERATE_INFOPLIST_FILE = YES;
				MARKETING_VERSION = 1.0;
				PRODUCT_BUNDLE_IDENTIFIER = TatumAllen.iosPreworkUITests;
				PRODUCT_NAME = "$(TARGET_NAME)";
				SWIFT_EMIT_LOC_STRINGS = NO;
				SWIFT_VERSION = 5.0;
				TARGETED_DEVICE_FAMILY = "1,2";
				TEST_TARGET_NAME = iosPrework;
			};
			name = Debug;
		};
		AA9F4DCA278CD4530021FDDC /* Release */ = {
			isa = XCBuildConfiguration;
			buildSettings = {
				ALWAYS_EMBED_SWIFT_STANDARD_LIBRARIES = YES;
				CODE_SIGN_STYLE = Automatic;
				CURRENT_PROJECT_VERSION = 1;
				GENERATE_INFOPLIST_FILE = YES;
				MARKETING_VERSION = 1.0;
				PRODUCT_BUNDLE_IDENTIFIER = TatumAllen.iosPreworkUITests;
				PRODUCT_NAME = "$(TARGET_NAME)";
				SWIFT_EMIT_LOC_STRINGS = NO;
				SWIFT_VERSION = 5.0;
				TARGETED_DEVICE_FAMILY = "1,2";
				TEST_TARGET_NAME = iosPrework;
			};
			name = Release;
		};
/* End XCBuildConfiguration section */

/* Begin XCConfigurationList section */
		AA9F4D93278CD4500021FDDC /* Build configuration list for PBXProject "iosPrework" */ = {
			isa = XCConfigurationList;
			buildConfigurations = (
				AA9F4DC0278CD4530021FDDC /* Debug */,
				AA9F4DC1278CD4530021FDDC /* Release */,
			);
			defaultConfigurationIsVisible = 0;
			defaultConfigurationName = Release;
		};
		AA9F4DC2278CD4530021FDDC /* Build configuration list for PBXNativeTarget "iosPrework" */ = {
			isa = XCConfigurationList;
			buildConfigurations = (
				AA9F4DC3278CD4530021FDDC /* Debug */,
				AA9F4DC4278CD4530021FDDC /* Release */,
			);
			defaultConfigurationIsVisible = 0;
			defaultConfigurationName = Release;
		};
		AA9F4DC5278CD4530021FDDC /* Build configuration list for PBXNativeTarget "iosPreworkTests" */ = {
			isa = XCConfigurationList;
			buildConfigurations = (
				AA9F4DC6278CD4530021FDDC /* Debug */,
				AA9F4DC7278CD4530021FDDC /* Release */,
			);
			defaultConfigurationIsVisible = 0;
			defaultConfigurationName = Release;
		};
		AA9F4DC8278CD4530021FDDC /* Build configuration list for PBXNativeTarget "iosPreworkUITests" */ = {
			isa = XCConfigurationList;
			buildConfigurations = (
				AA9F4DC9278CD4530021FDDC /* Debug */,
				AA9F4DCA278CD4530021FDDC /* Release */,
			);
			defaultConfigurationIsVisible = 0;
			defaultConfigurationName = Release;
		};
/* End XCConfigurationList section */
	};
	rootObject = AA9F4D90278CD4500021FDDC /* Project object */;
}
